
Microsoft Visual Studio Solution File, Format Version 12.00
# Visual Studio 14
VisualStudioVersion = 14.0.25420.1
MinimumVisualStudioVersion = 10.0.40219.1
Project("{8BC9CEB8-8B4A-11D0-8D11-00A0C91BC942}") = "1pointers_on_2d_array", "1pointers_on_2d_array\1pointers_on_2d_array.vcxproj", "{0DD25D50-E4B4-442D-BA42-30B7881C191E}"
EndProject
Project("{8BC9CEB8-8B4A-11D0-8D11-00A0C91BC942}") = "2char_pointer", "2char_pointer\2char_pointer.vcxproj", "{C089ADEC-BB5E-45C3-9825-1C2B264E5DB9}"
EndProject
Project("{8BC9CEB8-8B4A-11D0-8D11-00A0C91BC942}") = "3count_number_of_e", "3count_number_of_e\3count_number_of_e.vcxproj", "{65F27900-82B3-4336-9E8B-4CE6734777F4}"
EndProject
Project("{8BC9CEB8-8B4A-11D0-8D11-00A0C91BC942}") = "4replace_Space_with_hipen", "4replace_Space_with_hipen\4replace_Space_with_hipen.vcxproj", "{146D3186-6B0C-4818-AF42-D17FA0B24873}"
EndProject
Project("{8BC9CEB8-8B4A-11D0-8D11-00A0C91BC942}") = "5lowercase_to_uppercase_and_vice_versa", "5lowercase_to_uppercase_and_vice_versa\5lowercase_to_uppercase_and_vice_versa.vcxproj", "{A7B2FA3C-73FC-49ED-94E7-671B71DFA55E}"
EndProject
Project("{8BC9CEB8-8B4A-11D0-8D11-00A0C91BC942}") = "14string_rotations", "14string_rotations\14string_rotations.vcxproj", "{5152B6A2-7189-47BF-8855-6C80B1D90FB7}"
EndProject
Project("{8BC9CEB8-8B4A-11D0-8D11-00A0C91BC942}") = "6Reverse_of_the_string_using_recursion", "6Reverse_of_the_string_using_recursion\6Reverse_of_the_string_using_recursion.vcxproj", "{204B2F3C-47B8-4AFB-AB18-5EB1F34E52A8}"
EndProject
Project("{8BC9CEB8-8B4A-11D0-8D11-00A0C91BC942}") = "13string_expansion", "13string_expansion\13string_expansion.vcxproj", "{52D83EE1-1314-4478-8701-514D0957A63F}"
EndProject
Project("{8BC9CEB8-8B4A-11D0-8D11-00A0C91BC942}") = "7sort_string_list", "7sort_string_list\7sort_string_list.vcxproj", "{60DCF711-BC96-4AA5-B464-94286B71F2B7}"
EndProject
Project("{8BC9CEB8-8B4A-11D0-8D11-00A0C91BC942}") = "10delete_char", "10delete_char\10delete_char.vcxproj", "{E20A4CDC-7701-44FF-949A-0D667D2C2468}"
EndProject
Project("{8BC9CEB8-8B4A-11D0-8D11-00A0C91BC942}") = "11strtok", "11strtok\11strtok.vcxproj", "{8C9A90AA-AB10-4209-9E9A-B015A9542E54}"
EndProject
Project("{8BC9CEB8-8B4A-11D0-8D11-00A0C91BC942}") = "12del_match_char", "12del_match_char\12del_match_char.vcxproj", "{1921C4D1-62BF-40E4-84E2-AA5B9923A908}"
EndProject
Project("{8BC9CEB8-8B4A-11D0-8D11-00A0C91BC942}") = "8dynamic", "8dynamic\8dynamic.vcxproj", "{98E5640C-AA16-4CC4-9F1E-7C8D1BD1A517}"
EndProject
Project("{8BC9CEB8-8B4A-11D0-8D11-00A0C91BC942}") = "9index", "9index\9index.vcxproj", "{5044169A-8835-49BD-A598-15D28037BBF5}"
EndProject
Global
	GlobalSection(SolutionConfigurationPlatforms) = preSolution
		Debug|x64 = Debug|x64
		Debug|x86 = Debug|x86
		Release|x64 = Release|x64
		Release|x86 = Release|x86
	EndGlobalSection
	GlobalSection(ProjectConfigurationPlatforms) = postSolution
		{0DD25D50-E4B4-442D-BA42-30B7881C191E}.Debug|x64.ActiveCfg = Debug|x64
		{0DD25D50-E4B4-442D-BA42-30B7881C191E}.Debug|x64.Build.0 = Debug|x64
		{0DD25D50-E4B4-442D-BA42-30B7881C191E}.Debug|x86.ActiveCfg = Debug|Win32
		{0DD25D50-E4B4-442D-BA42-30B7881C191E}.Debug|x86.Build.0 = Debug|Win32
		{0DD25D50-E4B4-442D-BA42-30B7881C191E}.Release|x64.ActiveCfg = Release|x64
		{0DD25D50-E4B4-442D-BA42-30B7881C191E}.Release|x64.Build.0 = Release|x64
		{0DD25D50-E4B4-442D-BA42-30B7881C191E}.Release|x86.ActiveCfg = Release|Win32
		{0DD25D50-E4B4-442D-BA42-30B7881C191E}.Release|x86.Build.0 = Release|Win32
		{C089ADEC-BB5E-45C3-9825-1C2B264E5DB9}.Debug|x64.ActiveCfg = Debug|x64
		{C089ADEC-BB5E-45C3-9825-1C2B264E5DB9}.Debug|x64.Build.0 = Debug|x64
		{C089ADEC-BB5E-45C3-9825-1C2B264E5DB9}.Debug|x86.ActiveCfg = Debug|Win32
		{C089ADEC-BB5E-45C3-9825-1C2B264E5DB9}.Debug|x86.Build.0 = Debug|Win32
		{C089ADEC-BB5E-45C3-9825-1C2B264E5DB9}.Release|x64.ActiveCfg = Release|x64
		{C089ADEC-BB5E-45C3-9825-1C2B264E5DB9}.Release|x64.Build.0 = Release|x64
		{C089ADEC-BB5E-45C3-9825-1C2B264E5DB9}.Release|x86.ActiveCfg = Release|Win32
		{C089ADEC-BB5E-45C3-9825-1C2B264E5DB9}.Release|x86.Build.0 = Release|Win32
		{65F27900-82B3-4336-9E8B-4CE6734777F4}.Debug|x64.ActiveCfg = Debug|x64
		{65F27900-82B3-4336-9E8B-4CE6734777F4}.Debug|x64.Build.0 = Debug|x64
		{65F27900-82B3-4336-9E8B-4CE6734777F4}.Debug|x86.ActiveCfg = Debug|Win32
		{65F27900-82B3-4336-9E8B-4CE6734777F4}.Debug|x86.Build.0 = Debug|Win32
		{65F27900-82B3-4336-9E8B-4CE6734777F4}.Release|x64.ActiveCfg = Release|x64
		{65F27900-82B3-4336-9E8B-4CE6734777F4}.Release|x64.Build.0 = Release|x64
		{65F27900-82B3-4336-9E8B-4CE6734777F4}.Release|x86.ActiveCfg = Release|Win32
		{65F27900-82B3-4336-9E8B-4CE6734777F4}.Release|x86.Build.0 = Release|Win32
		{146D3186-6B0C-4818-AF42-D17FA0B24873}.Debug|x64.ActiveCfg = Debug|x64
		{146D3186-6B0C-4818-AF42-D17FA0B24873}.Debug|x64.Build.0 = Debug|x64
		{146D3186-6B0C-4818-AF42-D17FA0B24873}.Debug|x86.ActiveCfg = Debug|Win32
		{146D3186-6B0C-4818-AF42-D17FA0B24873}.Debug|x86.Build.0 = Debug|Win32
		{146D3186-6B0C-4818-AF42-D17FA0B24873}.Release|x64.ActiveCfg = Release|x64
		{146D3186-6B0C-4818-AF42-D17FA0B24873}.Release|x64.Build.0 = Release|x64
		{146D3186-6B0C-4818-AF42-D17FA0B24873}.Release|x86.ActiveCfg = Release|Win32
		{146D3186-6B0C-4818-AF42-D17FA0B24873}.Release|x86.Build.0 = Release|Win32
		{A7B2FA3C-73FC-49ED-94E7-671B71DFA55E}.Debug|x64.ActiveCfg = Debug|x64
		{A7B2FA3C-73FC-49ED-94E7-671B71DFA55E}.Debug|x64.Build.0 = Debug|x64
		{A7B2FA3C-73FC-49ED-94E7-671B71DFA55E}.Debug|x86.ActiveCfg = Debug|Win32
		{A7B2FA3C-73FC-49ED-94E7-671B71DFA55E}.Debug|x86.Build.0 = Debug|Win32
		{A7B2FA3C-73FC-49ED-94E7-671B71DFA55E}.Release|x64.ActiveCfg = Release|x64
		{A7B2FA3C-73FC-49ED-94E7-671B71DFA55E}.Release|x64.Build.0 = Release|x64
		{A7B2FA3C-73FC-49ED-94E7-671B71DFA55E}.Release|x86.ActiveCfg = Release|Win32
		{A7B2FA3C-73FC-49ED-94E7-671B71DFA55E}.Release|x86.Build.0 = Release|Win32
		{5152B6A2-7189-47BF-8855-6C80B1D90FB7}.Debug|x64.ActiveCfg = Debug|x64
		{5152B6A2-7189-47BF-8855-6C80B1D90FB7}.Debug|x64.Build.0 = Debug|x64
		{5152B6A2-7189-47BF-8855-6C80B1D90FB7}.Debug|x86.ActiveCfg = Debug|Win32
		{5152B6A2-7189-47BF-8855-6C80B1D90FB7}.Debug|x86.Build.0 = Debug|Win32
		{5152B6A2-7189-47BF-8855-6C80B1D90FB7}.Release|x64.ActiveCfg = Release|x64
		{5152B6A2-7189-47BF-8855-6C80B1D90FB7}.Release|x64.Build.0 = Release|x64
		{5152B6A2-7189-47BF-8855-6C80B1D90FB7}.Release|x86.ActiveCfg = Release|Win32
		{5152B6A2-7189-47BF-8855-6C80B1D90FB7}.Release|x86.Build.0 = Release|Win32
		{204B2F3C-47B8-4AFB-AB18-5EB1F34E52A8}.Debug|x64.ActiveCfg = Debug|x64
		{204B2F3C-47B8-4AFB-AB18-5EB1F34E52A8}.Debug|x64.Build.0 = Debug|x64
		{204B2F3C-47B8-4AFB-AB18-5EB1F34E52A8}.Debug|x86.ActiveCfg = Debug|Win32
		{204B2F3C-47B8-4AFB-AB18-5EB1F34E52A8}.Debug|x86.Build.0 = Debug|Win32
		{204B2F3C-47B8-4AFB-AB18-5EB1F34E52A8}.Release|x64.ActiveCfg = Release|x64
		{204B2F3C-47B8-4AFB-AB18-5EB1F34E52A8}.Release|x64.Build.0 = Release|x64
		{204B2F3C-47B8-4AFB-AB18-5EB1F34E52A8}.Release|x86.ActiveCfg = Release|Win32
		{204B2F3C-47B8-4AFB-AB18-5EB1F34E52A8}.Release|x86.Build.0 = Release|Win32
		{52D83EE1-1314-4478-8701-514D0957A63F}.Debug|x64.ActiveCfg = Debug|x64
		{52D83EE1-1314-4478-8701-514D0957A63F}.Debug|x64.Build.0 = Debug|x64
		{52D83EE1-1314-4478-8701-514D0957A63F}.Debug|x86.ActiveCfg = Debug|Win32
		{52D83EE1-1314-4478-8701-514D0957A63F}.Debug|x86.Build.0 = Debug|Win32
		{52D83EE1-1314-4478-8701-514D0957A63F}.Release|x64.ActiveCfg = Release|x64
		{52D83EE1-1314-4478-8701-514D0957A63F}.Release|x64.Build.0 = Release|x64
		{52D83EE1-1314-4478-8701-514D0957A63F}.Release|x86.ActiveCfg = Release|Win32
		{52D83EE1-1314-4478-8701-514D0957A63F}.Release|x86.Build.0 = Release|Win32
		{60DCF711-BC96-4AA5-B464-94286B71F2B7}.Debug|x64.ActiveCfg = Debug|x64
		{60DCF711-BC96-4AA5-B464-94286B71F2B7}.Debug|x64.Build.0 = Debug|x64
		{60DCF711-BC96-4AA5-B464-94286B71F2B7}.Debug|x86.ActiveCfg = Debug|Win32
		{60DCF711-BC96-4AA5-B464-94286B71F2B7}.Debug|x86.Build.0 = Debug|Win32
		{60DCF711-BC96-4AA5-B464-94286B71F2B7}.Release|x64.ActiveCfg = Release|x64
		{60DCF711-BC96-4AA5-B464-94286B71F2B7}.Release|x64.Build.0 = Release|x64
		{60DCF711-BC96-4AA5-B464-94286B71F2B7}.Release|x86.ActiveCfg = Release|Win32
		{60DCF711-BC96-4AA5-B464-94286B71F2B7}.Release|x86.Build.0 = Release|Win32
		{E20A4CDC-7701-44FF-949A-0D667D2C2468}.Debug|x64.ActiveCfg = Debug|x64
		{E20A4CDC-7701-44FF-949A-0D667D2C2468}.Debug|x64.Build.0 = Debug|x64
		{E20A4CDC-7701-44FF-949A-0D667D2C2468}.Debug|x86.ActiveCfg = Debug|Win32
		{E20A4CDC-7701-44FF-949A-0D667D2C2468}.Debug|x86.Build.0 = Debug|Win32
		{E20A4CDC-7701-44FF-949A-0D667D2C2468}.Release|x64.ActiveCfg = Release|x64
		{E20A4CDC-7701-44FF-949A-0D667D2C2468}.Release|x64.Build.0 = Release|x64
		{E20A4CDC-7701-44FF-949A-0D667D2C2468}.Release|x86.ActiveCfg = Release|Win32
		{E20A4CDC-7701-44FF-949A-0D667D2C2468}.Release|x86.Build.0 = Release|Win32
		{8C9A90AA-AB10-4209-9E9A-B015A9542E54}.Debug|x64.ActiveCfg = Debug|x64
		{8C9A90AA-AB10-4209-9E9A-B015A9542E54}.Debug|x64.Build.0 = Debug|x64
		{8C9A90AA-AB10-4209-9E9A-B015A9542E54}.Debug|x86.ActiveCfg = Debug|Win32
		{8C9A90AA-AB10-4209-9E9A-B015A9542E54}.Debug|x86.Build.0 = Debug|Win32
		{8C9A90AA-AB10-4209-9E9A-B015A9542E54}.Release|x64.ActiveCfg = Release|x64
		{8C9A90AA-AB10-4209-9E9A-B015A9542E54}.Release|x64.Build.0 = Release|x64
		{8C9A90AA-AB10-4209-9E9A-B015A9542E54}.Release|x86.ActiveCfg = Release|Win32
		{8C9A90AA-AB10-4209-9E9A-B015A9542E54}.Release|x86.Build.0 = Release|Win32
		{1921C4D1-62BF-40E4-84E2-AA5B9923A908}.Debug|x64.ActiveCfg = Debug|x64
		{1921C4D1-62BF-40E4-84E2-AA5B9923A908}.Debug|x64.Build.0 = Debug|x64
		{1921C4D1-62BF-40E4-84E2-AA5B9923A908}.Debug|x86.ActiveCfg = Debug|Win32
		{1921C4D1-62BF-40E4-84E2-AA5B9923A908}.Debug|x86.Build.0 = Debug|Win32
		{1921C4D1-62BF-40E4-84E2-AA5B9923A908}.Release|x64.ActiveCfg = Release|x64
		{1921C4D1-62BF-40E4-84E2-AA5B9923A908}.Release|x64.Build.0 = Release|x64
		{1921C4D1-62BF-40E4-84E2-AA5B9923A908}.Release|x86.ActiveCfg = Release|Win32
		{1921C4D1-62BF-40E4-84E2-AA5B9923A908}.Release|x86.Build.0 = Release|Win32
		{98E5640C-AA16-4CC4-9F1E-7C8D1BD1A517}.Debug|x64.ActiveCfg = Debug|x64
		{98E5640C-AA16-4CC4-9F1E-7C8D1BD1A517}.Debug|x64.Build.0 = Debug|x64
		{98E5640C-AA16-4CC4-9F1E-7C8D1BD1A517}.Debug|x86.ActiveCfg = Debug|Win32
		{98E5640C-AA16-4CC4-9F1E-7C8D1BD1A517}.Debug|x86.Build.0 = Debug|Win32
		{98E5640C-AA16-4CC4-9F1E-7C8D1BD1A517}.Release|x64.ActiveCfg = Release|x64
		{98E5640C-AA16-4CC4-9F1E-7C8D1BD1A517}.Release|x64.Build.0 = Release|x64
		{98E5640C-AA16-4CC4-9F1E-7C8D1BD1A517}.Release|x86.ActiveCfg = Release|Win32
		{98E5640C-AA16-4CC4-9F1E-7C8D1BD1A517}.Release|x86.Build.0 = Release|Win32
		{5044169A-8835-49BD-A598-15D28037BBF5}.Debug|x64.ActiveCfg = Debug|x64
		{5044169A-8835-49BD-A598-15D28037BBF5}.Debug|x64.Build.0 = Debug|x64
		{5044169A-8835-49BD-A598-15D28037BBF5}.Debug|x86.ActiveCfg = Debug|Win32
		{5044169A-8835-49BD-A598-15D28037BBF5}.Debug|x86.Build.0 = Debug|Win32
		{5044169A-8835-49BD-A598-15D28037BBF5}.Release|x64.ActiveCfg = Release|x64
		{5044169A-8835-49BD-A598-15D28037BBF5}.Release|x64.Build.0 = Release|x64
		{5044169A-8835-49BD-A598-15D28037BBF5}.Release|x86.ActiveCfg = Release|Win32
		{5044169A-8835-49BD-A598-15D28037BBF5}.Release|x86.Build.0 = Release|Win32
	EndGlobalSection
	GlobalSection(SolutionProperties) = preSolution
		HideSolutionNode = FALSE
	EndGlobalSection
EndGlobal
