
Microsoft Visual Studio Solution File, Format Version 12.00
# Visual Studio 14
VisualStudioVersion = 14.0.25420.1
MinimumVisualStudioVersion = 10.0.40219.1
Project("{8BC9CEB8-8B4A-11D0-8D11-00A0C91BC942}") = "1conversion_mcbs_to_wchar_vv", "conversion_mcbs_to_wchar_vv\conversion_mcbs_to_wchar_vv.vcxproj", "{F9A54E9A-8AE6-4556-9142-3BC09560BCDD}"
EndProject
Project("{8BC9CEB8-8B4A-11D0-8D11-00A0C91BC942}") = "2command_line", "command_line\command_line.vcxproj", "{C4118DA4-C932-40D0-9C07-115CE179E13B}"
EndProject
Project("{8BC9CEB8-8B4A-11D0-8D11-00A0C91BC942}") = "envionment_var", "envionment_var\envionment_var.vcxproj", "{ADCF6674-7D4D-4443-AF9A-FDE61D4046E0}"
EndProject
Project("{8BC9CEB8-8B4A-11D0-8D11-00A0C91BC942}") = "4fileread", "fileread\fileread.vcxproj", "{8CDE0B19-86AF-458A-9583-3AD8C88A7666}"
EndProject
Project("{8BC9CEB8-8B4A-11D0-8D11-00A0C91BC942}") = "5filewrite", "filewrite\filewrite.vcxproj", "{7772E919-5233-4877-81C8-A6EF4DC81245}"
EndProject
Project("{8BC9CEB8-8B4A-11D0-8D11-00A0C91BC942}") = "7Naming_Objects", "Naming_Objects\Naming_Objects.vcxproj", "{3DB8EBE8-317C-49C2-888F-9FF04D558B35}"
EndProject
Project("{8BC9CEB8-8B4A-11D0-8D11-00A0C91BC942}") = "8Create_Process", "Create_Process\Create_Process.vcxproj", "{D583A07E-ECB7-4F7B-B371-706BC7F3357D}"
EndProject
Project("{8BC9CEB8-8B4A-11D0-8D11-00A0C91BC942}") = "6child_process", "child_process\child_process.vcxproj", "{E9B674B8-8B8B-4343-9DF1-89DD38A27A7C}"
EndProject
Project("{8BC9CEB8-8B4A-11D0-8D11-00A0C91BC942}") = "11pass_file_handle", "10process_info\10process_info.vcxproj", "{993E11A8-C191-466E-89B0-6743761EE3B0}"
EndProject
Project("{8BC9CEB8-8B4A-11D0-8D11-00A0C91BC942}") = "9process_and_threadinfo", "9process_and_threadinfo\9process_and_threadinfo.vcxproj", "{CCEEA2A6-BA0E-4D5B-A4F1-0629CB8A1E2A}"
EndProject
Project("{8BC9CEB8-8B4A-11D0-8D11-00A0C91BC942}") = "10object_inherit", "10object_inherit\10object_inherit.vcxproj", "{5FC4AA1C-B1FB-4D2F-99C9-3D8FFF91E4E6}"
EndProject
Project("{8BC9CEB8-8B4A-11D0-8D11-00A0C91BC942}") = "11collect_file_handle", "11collect_file_handle\11collect_file_handle.vcxproj", "{618CA185-FD3A-435B-8CBD-34E50E6074CE}"
EndProject
Project("{8BC9CEB8-8B4A-11D0-8D11-00A0C91BC942}") = "12CreateThread", "12CreateThread\12CreateThread.vcxproj", "{3F47E3F4-D795-4381-996F-9E8743A7323C}"
EndProject
Project("{8BC9CEB8-8B4A-11D0-8D11-00A0C91BC942}") = "13thread_suspenion", "13thread_suspenion\13thread_suspenion.vcxproj", "{65FE6EB4-6D27-4B4E-885F-FE2D2E0A2EB4}"
EndProject
Project("{8BC9CEB8-8B4A-11D0-8D11-00A0C91BC942}") = "17shared_var_2process", "17shared_var_2process\17shared_var_2process.vcxproj", "{19A3D399-1D9E-4949-8566-6A40931318ED}"
EndProject
Project("{8BC9CEB8-8B4A-11D0-8D11-00A0C91BC942}") = "18interlocked", "18interlocked\18interlocked.vcxproj", "{A6688C74-32D5-4FFC-A727-DF6A8AC552C7}"
EndProject
Project("{8BC9CEB8-8B4A-11D0-8D11-00A0C91BC942}") = "14ExitThread", "14ExitThread\14ExitThread.vcxproj", "{A62A309B-0E3D-4E0F-826E-5A834FC21351}"
EndProject
Project("{8BC9CEB8-8B4A-11D0-8D11-00A0C91BC942}") = "15TerminateThread", "15TerminateThread\15TerminateThread.vcxproj", "{040EED42-9154-40CC-B8EE-CBA618D565B5}"
EndProject
Project("{8BC9CEB8-8B4A-11D0-8D11-00A0C91BC942}") = "19criticalsection", "19criticalsection\19criticalsection.vcxproj", "{FFF1884F-0334-429E-B980-4141CF1C96AC}"
EndProject
Project("{8BC9CEB8-8B4A-11D0-8D11-00A0C91BC942}") = "21dll", "21dll\21dll.vcxproj", "{8300BFF2-E685-4FE2-B74E-D78159BF42EA}"
EndProject
Project("{8BC9CEB8-8B4A-11D0-8D11-00A0C91BC942}") = "21application", "21application\21application.vcxproj", "{B8DA32DC-EF66-47ED-A742-B221795BFEB0}"
EndProject
Project("{8BC9CEB8-8B4A-11D0-8D11-00A0C91BC942}") = "24waitingfor1obj", "24waitingfor1obj\24waitingfor1obj.vcxproj", "{08A5444D-969E-4BF1-B6EC-B92CABD0CA05}"
EndProject
Global
	GlobalSection(SolutionConfigurationPlatforms) = preSolution
		Debug|x64 = Debug|x64
		Debug|x86 = Debug|x86
		Release|x64 = Release|x64
		Release|x86 = Release|x86
	EndGlobalSection
	GlobalSection(ProjectConfigurationPlatforms) = postSolution
		{F9A54E9A-8AE6-4556-9142-3BC09560BCDD}.Debug|x64.ActiveCfg = Debug|x64
		{F9A54E9A-8AE6-4556-9142-3BC09560BCDD}.Debug|x64.Build.0 = Debug|x64
		{F9A54E9A-8AE6-4556-9142-3BC09560BCDD}.Debug|x86.ActiveCfg = Debug|Win32
		{F9A54E9A-8AE6-4556-9142-3BC09560BCDD}.Debug|x86.Build.0 = Debug|Win32
		{F9A54E9A-8AE6-4556-9142-3BC09560BCDD}.Release|x64.ActiveCfg = Release|x64
		{F9A54E9A-8AE6-4556-9142-3BC09560BCDD}.Release|x64.Build.0 = Release|x64
		{F9A54E9A-8AE6-4556-9142-3BC09560BCDD}.Release|x86.ActiveCfg = Release|Win32
		{F9A54E9A-8AE6-4556-9142-3BC09560BCDD}.Release|x86.Build.0 = Release|Win32
		{C4118DA4-C932-40D0-9C07-115CE179E13B}.Debug|x64.ActiveCfg = Debug|x64
		{C4118DA4-C932-40D0-9C07-115CE179E13B}.Debug|x64.Build.0 = Debug|x64
		{C4118DA4-C932-40D0-9C07-115CE179E13B}.Debug|x86.ActiveCfg = Debug|Win32
		{C4118DA4-C932-40D0-9C07-115CE179E13B}.Debug|x86.Build.0 = Debug|Win32
		{C4118DA4-C932-40D0-9C07-115CE179E13B}.Release|x64.ActiveCfg = Release|x64
		{C4118DA4-C932-40D0-9C07-115CE179E13B}.Release|x64.Build.0 = Release|x64
		{C4118DA4-C932-40D0-9C07-115CE179E13B}.Release|x86.ActiveCfg = Release|Win32
		{C4118DA4-C932-40D0-9C07-115CE179E13B}.Release|x86.Build.0 = Release|Win32
		{ADCF6674-7D4D-4443-AF9A-FDE61D4046E0}.Debug|x64.ActiveCfg = Debug|x64
		{ADCF6674-7D4D-4443-AF9A-FDE61D4046E0}.Debug|x64.Build.0 = Debug|x64
		{ADCF6674-7D4D-4443-AF9A-FDE61D4046E0}.Debug|x86.ActiveCfg = Debug|Win32
		{ADCF6674-7D4D-4443-AF9A-FDE61D4046E0}.Debug|x86.Build.0 = Debug|Win32
		{ADCF6674-7D4D-4443-AF9A-FDE61D4046E0}.Release|x64.ActiveCfg = Release|x64
		{ADCF6674-7D4D-4443-AF9A-FDE61D4046E0}.Release|x64.Build.0 = Release|x64
		{ADCF6674-7D4D-4443-AF9A-FDE61D4046E0}.Release|x86.ActiveCfg = Release|Win32
		{ADCF6674-7D4D-4443-AF9A-FDE61D4046E0}.Release|x86.Build.0 = Release|Win32
		{8CDE0B19-86AF-458A-9583-3AD8C88A7666}.Debug|x64.ActiveCfg = Debug|x64
		{8CDE0B19-86AF-458A-9583-3AD8C88A7666}.Debug|x64.Build.0 = Debug|x64
		{8CDE0B19-86AF-458A-9583-3AD8C88A7666}.Debug|x86.ActiveCfg = Debug|Win32
		{8CDE0B19-86AF-458A-9583-3AD8C88A7666}.Debug|x86.Build.0 = Debug|Win32
		{8CDE0B19-86AF-458A-9583-3AD8C88A7666}.Release|x64.ActiveCfg = Release|x64
		{8CDE0B19-86AF-458A-9583-3AD8C88A7666}.Release|x64.Build.0 = Release|x64
		{8CDE0B19-86AF-458A-9583-3AD8C88A7666}.Release|x86.ActiveCfg = Release|Win32
		{8CDE0B19-86AF-458A-9583-3AD8C88A7666}.Release|x86.Build.0 = Release|Win32
		{7772E919-5233-4877-81C8-A6EF4DC81245}.Debug|x64.ActiveCfg = Debug|x64
		{7772E919-5233-4877-81C8-A6EF4DC81245}.Debug|x64.Build.0 = Debug|x64
		{7772E919-5233-4877-81C8-A6EF4DC81245}.Debug|x86.ActiveCfg = Debug|Win32
		{7772E919-5233-4877-81C8-A6EF4DC81245}.Debug|x86.Build.0 = Debug|Win32
		{7772E919-5233-4877-81C8-A6EF4DC81245}.Release|x64.ActiveCfg = Release|x64
		{7772E919-5233-4877-81C8-A6EF4DC81245}.Release|x64.Build.0 = Release|x64
		{7772E919-5233-4877-81C8-A6EF4DC81245}.Release|x86.ActiveCfg = Release|Win32
		{7772E919-5233-4877-81C8-A6EF4DC81245}.Release|x86.Build.0 = Release|Win32
		{3DB8EBE8-317C-49C2-888F-9FF04D558B35}.Debug|x64.ActiveCfg = Debug|x64
		{3DB8EBE8-317C-49C2-888F-9FF04D558B35}.Debug|x64.Build.0 = Debug|x64
		{3DB8EBE8-317C-49C2-888F-9FF04D558B35}.Debug|x86.ActiveCfg = Debug|Win32
		{3DB8EBE8-317C-49C2-888F-9FF04D558B35}.Debug|x86.Build.0 = Debug|Win32
		{3DB8EBE8-317C-49C2-888F-9FF04D558B35}.Release|x64.ActiveCfg = Release|x64
		{3DB8EBE8-317C-49C2-888F-9FF04D558B35}.Release|x64.Build.0 = Release|x64
		{3DB8EBE8-317C-49C2-888F-9FF04D558B35}.Release|x86.ActiveCfg = Release|Win32
		{3DB8EBE8-317C-49C2-888F-9FF04D558B35}.Release|x86.Build.0 = Release|Win32
		{D583A07E-ECB7-4F7B-B371-706BC7F3357D}.Debug|x64.ActiveCfg = Debug|x64
		{D583A07E-ECB7-4F7B-B371-706BC7F3357D}.Debug|x64.Build.0 = Debug|x64
		{D583A07E-ECB7-4F7B-B371-706BC7F3357D}.Debug|x86.ActiveCfg = Debug|Win32
		{D583A07E-ECB7-4F7B-B371-706BC7F3357D}.Debug|x86.Build.0 = Debug|Win32
		{D583A07E-ECB7-4F7B-B371-706BC7F3357D}.Release|x64.ActiveCfg = Release|x64
		{D583A07E-ECB7-4F7B-B371-706BC7F3357D}.Release|x64.Build.0 = Release|x64
		{D583A07E-ECB7-4F7B-B371-706BC7F3357D}.Release|x86.ActiveCfg = Release|Win32
		{D583A07E-ECB7-4F7B-B371-706BC7F3357D}.Release|x86.Build.0 = Release|Win32
		{E9B674B8-8B8B-4343-9DF1-89DD38A27A7C}.Debug|x64.ActiveCfg = Debug|x64
		{E9B674B8-8B8B-4343-9DF1-89DD38A27A7C}.Debug|x64.Build.0 = Debug|x64
		{E9B674B8-8B8B-4343-9DF1-89DD38A27A7C}.Debug|x86.ActiveCfg = Debug|Win32
		{E9B674B8-8B8B-4343-9DF1-89DD38A27A7C}.Debug|x86.Build.0 = Debug|Win32
		{E9B674B8-8B8B-4343-9DF1-89DD38A27A7C}.Release|x64.ActiveCfg = Release|x64
		{E9B674B8-8B8B-4343-9DF1-89DD38A27A7C}.Release|x64.Build.0 = Release|x64
		{E9B674B8-8B8B-4343-9DF1-89DD38A27A7C}.Release|x86.ActiveCfg = Release|Win32
		{E9B674B8-8B8B-4343-9DF1-89DD38A27A7C}.Release|x86.Build.0 = Release|Win32
		{993E11A8-C191-466E-89B0-6743761EE3B0}.Debug|x64.ActiveCfg = Debug|x64
		{993E11A8-C191-466E-89B0-6743761EE3B0}.Debug|x64.Build.0 = Debug|x64
		{993E11A8-C191-466E-89B0-6743761EE3B0}.Debug|x86.ActiveCfg = Debug|Win32
		{993E11A8-C191-466E-89B0-6743761EE3B0}.Debug|x86.Build.0 = Debug|Win32
		{993E11A8-C191-466E-89B0-6743761EE3B0}.Release|x64.ActiveCfg = Release|x64
		{993E11A8-C191-466E-89B0-6743761EE3B0}.Release|x64.Build.0 = Release|x64
		{993E11A8-C191-466E-89B0-6743761EE3B0}.Release|x86.ActiveCfg = Release|Win32
		{993E11A8-C191-466E-89B0-6743761EE3B0}.Release|x86.Build.0 = Release|Win32
		{CCEEA2A6-BA0E-4D5B-A4F1-0629CB8A1E2A}.Debug|x64.ActiveCfg = Debug|x64
		{CCEEA2A6-BA0E-4D5B-A4F1-0629CB8A1E2A}.Debug|x64.Build.0 = Debug|x64
		{CCEEA2A6-BA0E-4D5B-A4F1-0629CB8A1E2A}.Debug|x86.ActiveCfg = Debug|Win32
		{CCEEA2A6-BA0E-4D5B-A4F1-0629CB8A1E2A}.Debug|x86.Build.0 = Debug|Win32
		{CCEEA2A6-BA0E-4D5B-A4F1-0629CB8A1E2A}.Release|x64.ActiveCfg = Release|x64
		{CCEEA2A6-BA0E-4D5B-A4F1-0629CB8A1E2A}.Release|x64.Build.0 = Release|x64
		{CCEEA2A6-BA0E-4D5B-A4F1-0629CB8A1E2A}.Release|x86.ActiveCfg = Release|Win32
		{CCEEA2A6-BA0E-4D5B-A4F1-0629CB8A1E2A}.Release|x86.Build.0 = Release|Win32
		{5FC4AA1C-B1FB-4D2F-99C9-3D8FFF91E4E6}.Debug|x64.ActiveCfg = Debug|x64
		{5FC4AA1C-B1FB-4D2F-99C9-3D8FFF91E4E6}.Debug|x64.Build.0 = Debug|x64
		{5FC4AA1C-B1FB-4D2F-99C9-3D8FFF91E4E6}.Debug|x86.ActiveCfg = Debug|Win32
		{5FC4AA1C-B1FB-4D2F-99C9-3D8FFF91E4E6}.Debug|x86.Build.0 = Debug|Win32
		{5FC4AA1C-B1FB-4D2F-99C9-3D8FFF91E4E6}.Release|x64.ActiveCfg = Release|x64
		{5FC4AA1C-B1FB-4D2F-99C9-3D8FFF91E4E6}.Release|x64.Build.0 = Release|x64
		{5FC4AA1C-B1FB-4D2F-99C9-3D8FFF91E4E6}.Release|x86.ActiveCfg = Release|Win32
		{5FC4AA1C-B1FB-4D2F-99C9-3D8FFF91E4E6}.Release|x86.Build.0 = Release|Win32
		{618CA185-FD3A-435B-8CBD-34E50E6074CE}.Debug|x64.ActiveCfg = Debug|x64
		{618CA185-FD3A-435B-8CBD-34E50E6074CE}.Debug|x64.Build.0 = Debug|x64
		{618CA185-FD3A-435B-8CBD-34E50E6074CE}.Debug|x86.ActiveCfg = Debug|Win32
		{618CA185-FD3A-435B-8CBD-34E50E6074CE}.Debug|x86.Build.0 = Debug|Win32
		{618CA185-FD3A-435B-8CBD-34E50E6074CE}.Release|x64.ActiveCfg = Release|x64
		{618CA185-FD3A-435B-8CBD-34E50E6074CE}.Release|x64.Build.0 = Release|x64
		{618CA185-FD3A-435B-8CBD-34E50E6074CE}.Release|x86.ActiveCfg = Release|Win32
		{618CA185-FD3A-435B-8CBD-34E50E6074CE}.Release|x86.Build.0 = Release|Win32
		{3F47E3F4-D795-4381-996F-9E8743A7323C}.Debug|x64.ActiveCfg = Debug|x64
		{3F47E3F4-D795-4381-996F-9E8743A7323C}.Debug|x64.Build.0 = Debug|x64
		{3F47E3F4-D795-4381-996F-9E8743A7323C}.Debug|x86.ActiveCfg = Debug|Win32
		{3F47E3F4-D795-4381-996F-9E8743A7323C}.Debug|x86.Build.0 = Debug|Win32
		{3F47E3F4-D795-4381-996F-9E8743A7323C}.Release|x64.ActiveCfg = Release|x64
		{3F47E3F4-D795-4381-996F-9E8743A7323C}.Release|x64.Build.0 = Release|x64
		{3F47E3F4-D795-4381-996F-9E8743A7323C}.Release|x86.ActiveCfg = Release|Win32
		{3F47E3F4-D795-4381-996F-9E8743A7323C}.Release|x86.Build.0 = Release|Win32
		{65FE6EB4-6D27-4B4E-885F-FE2D2E0A2EB4}.Debug|x64.ActiveCfg = Debug|x64
		{65FE6EB4-6D27-4B4E-885F-FE2D2E0A2EB4}.Debug|x64.Build.0 = Debug|x64
		{65FE6EB4-6D27-4B4E-885F-FE2D2E0A2EB4}.Debug|x86.ActiveCfg = Debug|Win32
		{65FE6EB4-6D27-4B4E-885F-FE2D2E0A2EB4}.Debug|x86.Build.0 = Debug|Win32
		{65FE6EB4-6D27-4B4E-885F-FE2D2E0A2EB4}.Release|x64.ActiveCfg = Release|x64
		{65FE6EB4-6D27-4B4E-885F-FE2D2E0A2EB4}.Release|x64.Build.0 = Release|x64
		{65FE6EB4-6D27-4B4E-885F-FE2D2E0A2EB4}.Release|x86.ActiveCfg = Release|Win32
		{65FE6EB4-6D27-4B4E-885F-FE2D2E0A2EB4}.Release|x86.Build.0 = Release|Win32
		{19A3D399-1D9E-4949-8566-6A40931318ED}.Debug|x64.ActiveCfg = Debug|x64
		{19A3D399-1D9E-4949-8566-6A40931318ED}.Debug|x64.Build.0 = Debug|x64
		{19A3D399-1D9E-4949-8566-6A40931318ED}.Debug|x86.ActiveCfg = Debug|Win32
		{19A3D399-1D9E-4949-8566-6A40931318ED}.Debug|x86.Build.0 = Debug|Win32
		{19A3D399-1D9E-4949-8566-6A40931318ED}.Release|x64.ActiveCfg = Release|x64
		{19A3D399-1D9E-4949-8566-6A40931318ED}.Release|x64.Build.0 = Release|x64
		{19A3D399-1D9E-4949-8566-6A40931318ED}.Release|x86.ActiveCfg = Release|Win32
		{19A3D399-1D9E-4949-8566-6A40931318ED}.Release|x86.Build.0 = Release|Win32
		{A6688C74-32D5-4FFC-A727-DF6A8AC552C7}.Debug|x64.ActiveCfg = Debug|x64
		{A6688C74-32D5-4FFC-A727-DF6A8AC552C7}.Debug|x64.Build.0 = Debug|x64
		{A6688C74-32D5-4FFC-A727-DF6A8AC552C7}.Debug|x86.ActiveCfg = Debug|Win32
		{A6688C74-32D5-4FFC-A727-DF6A8AC552C7}.Debug|x86.Build.0 = Debug|Win32
		{A6688C74-32D5-4FFC-A727-DF6A8AC552C7}.Release|x64.ActiveCfg = Release|x64
		{A6688C74-32D5-4FFC-A727-DF6A8AC552C7}.Release|x64.Build.0 = Release|x64
		{A6688C74-32D5-4FFC-A727-DF6A8AC552C7}.Release|x86.ActiveCfg = Release|Win32
		{A6688C74-32D5-4FFC-A727-DF6A8AC552C7}.Release|x86.Build.0 = Release|Win32
		{A62A309B-0E3D-4E0F-826E-5A834FC21351}.Debug|x64.ActiveCfg = Debug|x64
		{A62A309B-0E3D-4E0F-826E-5A834FC21351}.Debug|x64.Build.0 = Debug|x64
		{A62A309B-0E3D-4E0F-826E-5A834FC21351}.Debug|x86.ActiveCfg = Debug|Win32
		{A62A309B-0E3D-4E0F-826E-5A834FC21351}.Debug|x86.Build.0 = Debug|Win32
		{A62A309B-0E3D-4E0F-826E-5A834FC21351}.Release|x64.ActiveCfg = Release|x64
		{A62A309B-0E3D-4E0F-826E-5A834FC21351}.Release|x64.Build.0 = Release|x64
		{A62A309B-0E3D-4E0F-826E-5A834FC21351}.Release|x86.ActiveCfg = Release|Win32
		{A62A309B-0E3D-4E0F-826E-5A834FC21351}.Release|x86.Build.0 = Release|Win32
		{040EED42-9154-40CC-B8EE-CBA618D565B5}.Debug|x64.ActiveCfg = Debug|x64
		{040EED42-9154-40CC-B8EE-CBA618D565B5}.Debug|x64.Build.0 = Debug|x64
		{040EED42-9154-40CC-B8EE-CBA618D565B5}.Debug|x86.ActiveCfg = Debug|Win32
		{040EED42-9154-40CC-B8EE-CBA618D565B5}.Debug|x86.Build.0 = Debug|Win32
		{040EED42-9154-40CC-B8EE-CBA618D565B5}.Release|x64.ActiveCfg = Release|x64
		{040EED42-9154-40CC-B8EE-CBA618D565B5}.Release|x64.Build.0 = Release|x64
		{040EED42-9154-40CC-B8EE-CBA618D565B5}.Release|x86.ActiveCfg = Release|Win32
		{040EED42-9154-40CC-B8EE-CBA618D565B5}.Release|x86.Build.0 = Release|Win32
		{FFF1884F-0334-429E-B980-4141CF1C96AC}.Debug|x64.ActiveCfg = Debug|x64
		{FFF1884F-0334-429E-B980-4141CF1C96AC}.Debug|x64.Build.0 = Debug|x64
		{FFF1884F-0334-429E-B980-4141CF1C96AC}.Debug|x86.ActiveCfg = Debug|Win32
		{FFF1884F-0334-429E-B980-4141CF1C96AC}.Debug|x86.Build.0 = Debug|Win32
		{FFF1884F-0334-429E-B980-4141CF1C96AC}.Release|x64.ActiveCfg = Release|x64
		{FFF1884F-0334-429E-B980-4141CF1C96AC}.Release|x64.Build.0 = Release|x64
		{FFF1884F-0334-429E-B980-4141CF1C96AC}.Release|x86.ActiveCfg = Release|Win32
		{FFF1884F-0334-429E-B980-4141CF1C96AC}.Release|x86.Build.0 = Release|Win32
		{8300BFF2-E685-4FE2-B74E-D78159BF42EA}.Debug|x64.ActiveCfg = Debug|x64
		{8300BFF2-E685-4FE2-B74E-D78159BF42EA}.Debug|x64.Build.0 = Debug|x64
		{8300BFF2-E685-4FE2-B74E-D78159BF42EA}.Debug|x86.ActiveCfg = Debug|Win32
		{8300BFF2-E685-4FE2-B74E-D78159BF42EA}.Debug|x86.Build.0 = Debug|Win32
		{8300BFF2-E685-4FE2-B74E-D78159BF42EA}.Release|x64.ActiveCfg = Release|x64
		{8300BFF2-E685-4FE2-B74E-D78159BF42EA}.Release|x64.Build.0 = Release|x64
		{8300BFF2-E685-4FE2-B74E-D78159BF42EA}.Release|x86.ActiveCfg = Release|Win32
		{8300BFF2-E685-4FE2-B74E-D78159BF42EA}.Release|x86.Build.0 = Release|Win32
		{B8DA32DC-EF66-47ED-A742-B221795BFEB0}.Debug|x64.ActiveCfg = Debug|x64
		{B8DA32DC-EF66-47ED-A742-B221795BFEB0}.Debug|x64.Build.0 = Debug|x64
		{B8DA32DC-EF66-47ED-A742-B221795BFEB0}.Debug|x86.ActiveCfg = Debug|Win32
		{B8DA32DC-EF66-47ED-A742-B221795BFEB0}.Debug|x86.Build.0 = Debug|Win32
		{B8DA32DC-EF66-47ED-A742-B221795BFEB0}.Release|x64.ActiveCfg = Release|x64
		{B8DA32DC-EF66-47ED-A742-B221795BFEB0}.Release|x64.Build.0 = Release|x64
		{B8DA32DC-EF66-47ED-A742-B221795BFEB0}.Release|x86.ActiveCfg = Release|Win32
		{B8DA32DC-EF66-47ED-A742-B221795BFEB0}.Release|x86.Build.0 = Release|Win32
		{08A5444D-969E-4BF1-B6EC-B92CABD0CA05}.Debug|x64.ActiveCfg = Debug|x64
		{08A5444D-969E-4BF1-B6EC-B92CABD0CA05}.Debug|x64.Build.0 = Debug|x64
		{08A5444D-969E-4BF1-B6EC-B92CABD0CA05}.Debug|x86.ActiveCfg = Debug|Win32
		{08A5444D-969E-4BF1-B6EC-B92CABD0CA05}.Debug|x86.Build.0 = Debug|Win32
		{08A5444D-969E-4BF1-B6EC-B92CABD0CA05}.Release|x64.ActiveCfg = Release|x64
		{08A5444D-969E-4BF1-B6EC-B92CABD0CA05}.Release|x64.Build.0 = Release|x64
		{08A5444D-969E-4BF1-B6EC-B92CABD0CA05}.Release|x86.ActiveCfg = Release|Win32
		{08A5444D-969E-4BF1-B6EC-B92CABD0CA05}.Release|x86.Build.0 = Release|Win32
	EndGlobalSection
	GlobalSection(SolutionProperties) = preSolution
		HideSolutionNode = FALSE
	EndGlobalSection
EndGlobal
