
Microsoft Visual Studio Solution File, Format Version 12.00
# Visual Studio 14
VisualStudioVersion = 14.0.25420.1
MinimumVisualStudioVersion = 10.0.40219.1
Project("{8BC9CEB8-8B4A-11D0-8D11-00A0C91BC942}") = "ShortHandNotation", "ShortHandNotation\ShortHandNotation.vcxproj", "{FD3BDB0D-9A58-48E3-9326-8817E2CC7C19}"
EndProject
Project("{8BC9CEB8-8B4A-11D0-8D11-00A0C91BC942}") = "StringHandling", "StringHandling\StringHandling.vcxproj", "{477C26CB-94CB-497D-8F1A-0DDADB29683F}"
EndProject
Project("{8BC9CEB8-8B4A-11D0-8D11-00A0C91BC942}") = "calculator", "calculator\calculator.vcxproj", "{CDA74391-E2A5-4575-99B7-C56FC3FD6499}"
EndProject
Global
	GlobalSection(SolutionConfigurationPlatforms) = preSolution
		Debug|x64 = Debug|x64
		Debug|x86 = Debug|x86
		Release|x64 = Release|x64
		Release|x86 = Release|x86
	EndGlobalSection
	GlobalSection(ProjectConfigurationPlatforms) = postSolution
		{FD3BDB0D-9A58-48E3-9326-8817E2CC7C19}.Debug|x64.ActiveCfg = Debug|x64
		{FD3BDB0D-9A58-48E3-9326-8817E2CC7C19}.Debug|x64.Build.0 = Debug|x64
		{FD3BDB0D-9A58-48E3-9326-8817E2CC7C19}.Debug|x86.ActiveCfg = Debug|Win32
		{FD3BDB0D-9A58-48E3-9326-8817E2CC7C19}.Debug|x86.Build.0 = Debug|Win32
		{FD3BDB0D-9A58-48E3-9326-8817E2CC7C19}.Release|x64.ActiveCfg = Release|x64
		{FD3BDB0D-9A58-48E3-9326-8817E2CC7C19}.Release|x64.Build.0 = Release|x64
		{FD3BDB0D-9A58-48E3-9326-8817E2CC7C19}.Release|x86.ActiveCfg = Release|Win32
		{FD3BDB0D-9A58-48E3-9326-8817E2CC7C19}.Release|x86.Build.0 = Release|Win32
		{477C26CB-94CB-497D-8F1A-0DDADB29683F}.Debug|x64.ActiveCfg = Debug|x64
		{477C26CB-94CB-497D-8F1A-0DDADB29683F}.Debug|x64.Build.0 = Debug|x64
		{477C26CB-94CB-497D-8F1A-0DDADB29683F}.Debug|x86.ActiveCfg = Debug|Win32
		{477C26CB-94CB-497D-8F1A-0DDADB29683F}.Debug|x86.Build.0 = Debug|Win32
		{477C26CB-94CB-497D-8F1A-0DDADB29683F}.Release|x64.ActiveCfg = Release|x64
		{477C26CB-94CB-497D-8F1A-0DDADB29683F}.Release|x64.Build.0 = Release|x64
		{477C26CB-94CB-497D-8F1A-0DDADB29683F}.Release|x86.ActiveCfg = Release|Win32
		{477C26CB-94CB-497D-8F1A-0DDADB29683F}.Release|x86.Build.0 = Release|Win32
		{CDA74391-E2A5-4575-99B7-C56FC3FD6499}.Debug|x64.ActiveCfg = Debug|x64
		{CDA74391-E2A5-4575-99B7-C56FC3FD6499}.Debug|x64.Build.0 = Debug|x64
		{CDA74391-E2A5-4575-99B7-C56FC3FD6499}.Debug|x86.ActiveCfg = Debug|Win32
		{CDA74391-E2A5-4575-99B7-C56FC3FD6499}.Debug|x86.Build.0 = Debug|Win32
		{CDA74391-E2A5-4575-99B7-C56FC3FD6499}.Release|x64.ActiveCfg = Release|x64
		{CDA74391-E2A5-4575-99B7-C56FC3FD6499}.Release|x64.Build.0 = Release|x64
		{CDA74391-E2A5-4575-99B7-C56FC3FD6499}.Release|x86.ActiveCfg = Release|Win32
		{CDA74391-E2A5-4575-99B7-C56FC3FD6499}.Release|x86.Build.0 = Release|Win32
	EndGlobalSection
	GlobalSection(SolutionProperties) = preSolution
		HideSolutionNode = FALSE
	EndGlobalSection
EndGlobal
